
Microsoft Visual Studio Solution File, Format Version 12.00
# Visual Studio Version 17
VisualStudioVersion = 17.0.31903.59
MinimumVisualStudioVersion = 10.0.40219.1
Project("{2150E333-8FDC-42A3-9474-1A3956D46DE8}") = "src", "src", "{827E0CD3-B72D-47B6-A68D-7590B98EB39B}"
EndProject
Project("{2150E333-8FDC-42A3-9474-1A3956D46DE8}") = "Qsys.SensorApp.Web", "Qsys.SensorApp.Web", "{244B5CEE-8147-1C2D-503F-44949462E9A7}"
EndProject
Project("{FAE04EC0-301F-11D3-BF4B-00C04F79EFBC}") = "Qsys.SensorApp.Web", "src\Qsys.SensorApp.Web\Qsys.SensorApp.Web\Qsys.SensorApp.Web.csproj", "{150F4BE1-0CF7-4F8A-927F-326B3F6D9A08}"
EndProject
Project("{FAE04EC0-301F-11D3-BF4B-00C04F79EFBC}") = "Qsys.SensorApp.Web.Client", "src\Qsys.SensorApp.Web\Qsys.SensorApp.Web.Client\Qsys.SensorApp.Web.Client.csproj", "{03575060-C930-45EB-9E68-8BA84E1DE09A}"
EndProject
Project("{FAE04EC0-301F-11D3-BF4B-00C04F79EFBC}") = "Qsys.SensorApp.Shared", "src\Qsys.SensorApp.Shared\Qsys.SensorApp.Shared.csproj", "{9FBACBA5-A389-4DBE-836C-244617C97F11}"
EndProject
Project("{FAE04EC0-301F-11D3-BF4B-00C04F79EFBC}") = "Qsys.SensorApp.Application", "src\Qsys.SensorApp.Application\Qsys.SensorApp.Application.csproj", "{7940126B-4245-4C5D-A43A-4E126DF673BB}"
EndProject
Project("{FAE04EC0-301F-11D3-BF4B-00C04F79EFBC}") = "Qsys.SensorApp.Core", "src\Qsys.SensorApp.Core\Qsys.SensorApp.Core.csproj", "{0F3AEF78-EF7B-4D6F-B5E6-00EFEB131EE6}"
EndProject
Project("{FAE04EC0-301F-11D3-BF4B-00C04F79EFBC}") = "Qsys.SensorApp.Api", "src\Qsys.SensorApp.Api\Qsys.SensorApp.Api.csproj", "{08E3F667-548E-4251-AB85-1BD76D0EF6DB}"
EndProject
Project("{FAE04EC0-301F-11D3-BF4B-00C04F79EFBC}") = "Qsys.SensorApp.Infrastructure", "src\Qsys.SensorApp.Infrastructure\Qsys.SensorApp.Infrastructure.csproj", "{3E1BF005-D331-4319-A687-08F025ED6668}"
EndProject
Project("{2150E333-8FDC-42A3-9474-1A3956D46DE8}") = "tests", "tests", "{0AB3BF05-4346-4AA6-1389-037BE0695223}"
EndProject
Project("{FAE04EC0-301F-11D3-BF4B-00C04F79EFBC}") = "Qsys.SensorApp.Core.Tests", "tests\Qsys.SensorApp.Core.Tests\Qsys.SensorApp.Core.Tests.csproj", "{469C5E7F-B7E2-4991-A79F-26779D2261BA}"
EndProject
Global
	GlobalSection(SolutionConfigurationPlatforms) = preSolution
		Debug|Any CPU = Debug|Any CPU
		Debug|x64 = Debug|x64
		Debug|x86 = Debug|x86
		Release|Any CPU = Release|Any CPU
		Release|x64 = Release|x64
		Release|x86 = Release|x86
	EndGlobalSection
	GlobalSection(ProjectConfigurationPlatforms) = postSolution
		{150F4BE1-0CF7-4F8A-927F-326B3F6D9A08}.Debug|Any CPU.ActiveCfg = Debug|Any CPU
		{150F4BE1-0CF7-4F8A-927F-326B3F6D9A08}.Debug|Any CPU.Build.0 = Debug|Any CPU
		{150F4BE1-0CF7-4F8A-927F-326B3F6D9A08}.Debug|x64.ActiveCfg = Debug|Any CPU
		{150F4BE1-0CF7-4F8A-927F-326B3F6D9A08}.Debug|x64.Build.0 = Debug|Any CPU
		{150F4BE1-0CF7-4F8A-927F-326B3F6D9A08}.Debug|x86.ActiveCfg = Debug|Any CPU
		{150F4BE1-0CF7-4F8A-927F-326B3F6D9A08}.Debug|x86.Build.0 = Debug|Any CPU
		{150F4BE1-0CF7-4F8A-927F-326B3F6D9A08}.Release|Any CPU.ActiveCfg = Release|Any CPU
		{150F4BE1-0CF7-4F8A-927F-326B3F6D9A08}.Release|Any CPU.Build.0 = Release|Any CPU
		{150F4BE1-0CF7-4F8A-927F-326B3F6D9A08}.Release|x64.ActiveCfg = Release|Any CPU
		{150F4BE1-0CF7-4F8A-927F-326B3F6D9A08}.Release|x64.Build.0 = Release|Any CPU
		{150F4BE1-0CF7-4F8A-927F-326B3F6D9A08}.Release|x86.ActiveCfg = Release|Any CPU
		{150F4BE1-0CF7-4F8A-927F-326B3F6D9A08}.Release|x86.Build.0 = Release|Any CPU
		{03575060-C930-45EB-9E68-8BA84E1DE09A}.Debug|Any CPU.ActiveCfg = Debug|Any CPU
		{03575060-C930-45EB-9E68-8BA84E1DE09A}.Debug|Any CPU.Build.0 = Debug|Any CPU
		{03575060-C930-45EB-9E68-8BA84E1DE09A}.Debug|x64.ActiveCfg = Debug|Any CPU
		{03575060-C930-45EB-9E68-8BA84E1DE09A}.Debug|x64.Build.0 = Debug|Any CPU
		{03575060-C930-45EB-9E68-8BA84E1DE09A}.Debug|x86.ActiveCfg = Debug|Any CPU
		{03575060-C930-45EB-9E68-8BA84E1DE09A}.Debug|x86.Build.0 = Debug|Any CPU
		{03575060-C930-45EB-9E68-8BA84E1DE09A}.Release|Any CPU.ActiveCfg = Release|Any CPU
		{03575060-C930-45EB-9E68-8BA84E1DE09A}.Release|Any CPU.Build.0 = Release|Any CPU
		{03575060-C930-45EB-9E68-8BA84E1DE09A}.Release|x64.ActiveCfg = Release|Any CPU
		{03575060-C930-45EB-9E68-8BA84E1DE09A}.Release|x64.Build.0 = Release|Any CPU
		{03575060-C930-45EB-9E68-8BA84E1DE09A}.Release|x86.ActiveCfg = Release|Any CPU
		{03575060-C930-45EB-9E68-8BA84E1DE09A}.Release|x86.Build.0 = Release|Any CPU
		{9FBACBA5-A389-4DBE-836C-244617C97F11}.Debug|Any CPU.ActiveCfg = Debug|Any CPU
		{9FBACBA5-A389-4DBE-836C-244617C97F11}.Debug|Any CPU.Build.0 = Debug|Any CPU
		{9FBACBA5-A389-4DBE-836C-244617C97F11}.Debug|x64.ActiveCfg = Debug|Any CPU
		{9FBACBA5-A389-4DBE-836C-244617C97F11}.Debug|x64.Build.0 = Debug|Any CPU
		{9FBACBA5-A389-4DBE-836C-244617C97F11}.Debug|x86.ActiveCfg = Debug|Any CPU
		{9FBACBA5-A389-4DBE-836C-244617C97F11}.Debug|x86.Build.0 = Debug|Any CPU
		{9FBACBA5-A389-4DBE-836C-244617C97F11}.Release|Any CPU.ActiveCfg = Release|Any CPU
		{9FBACBA5-A389-4DBE-836C-244617C97F11}.Release|Any CPU.Build.0 = Release|Any CPU
		{9FBACBA5-A389-4DBE-836C-244617C97F11}.Release|x64.ActiveCfg = Release|Any CPU
		{9FBACBA5-A389-4DBE-836C-244617C97F11}.Release|x64.Build.0 = Release|Any CPU
		{9FBACBA5-A389-4DBE-836C-244617C97F11}.Release|x86.ActiveCfg = Release|Any CPU
		{9FBACBA5-A389-4DBE-836C-244617C97F11}.Release|x86.Build.0 = Release|Any CPU
		{7940126B-4245-4C5D-A43A-4E126DF673BB}.Debug|Any CPU.ActiveCfg = Debug|Any CPU
		{7940126B-4245-4C5D-A43A-4E126DF673BB}.Debug|Any CPU.Build.0 = Debug|Any CPU
		{7940126B-4245-4C5D-A43A-4E126DF673BB}.Debug|x64.ActiveCfg = Debug|Any CPU
		{7940126B-4245-4C5D-A43A-4E126DF673BB}.Debug|x64.Build.0 = Debug|Any CPU
		{7940126B-4245-4C5D-A43A-4E126DF673BB}.Debug|x86.ActiveCfg = Debug|Any CPU
		{7940126B-4245-4C5D-A43A-4E126DF673BB}.Debug|x86.Build.0 = Debug|Any CPU
		{7940126B-4245-4C5D-A43A-4E126DF673BB}.Release|Any CPU.ActiveCfg = Release|Any CPU
		{7940126B-4245-4C5D-A43A-4E126DF673BB}.Release|Any CPU.Build.0 = Release|Any CPU
		{7940126B-4245-4C5D-A43A-4E126DF673BB}.Release|x64.ActiveCfg = Release|Any CPU
		{7940126B-4245-4C5D-A43A-4E126DF673BB}.Release|x64.Build.0 = Release|Any CPU
		{7940126B-4245-4C5D-A43A-4E126DF673BB}.Release|x86.ActiveCfg = Release|Any CPU
		{7940126B-4245-4C5D-A43A-4E126DF673BB}.Release|x86.Build.0 = Release|Any CPU
		{0F3AEF78-EF7B-4D6F-B5E6-00EFEB131EE6}.Debug|Any CPU.ActiveCfg = Debug|Any CPU
		{0F3AEF78-EF7B-4D6F-B5E6-00EFEB131EE6}.Debug|Any CPU.Build.0 = Debug|Any CPU
		{0F3AEF78-EF7B-4D6F-B5E6-00EFEB131EE6}.Debug|x64.ActiveCfg = Debug|Any CPU
		{0F3AEF78-EF7B-4D6F-B5E6-00EFEB131EE6}.Debug|x64.Build.0 = Debug|Any CPU
		{0F3AEF78-EF7B-4D6F-B5E6-00EFEB131EE6}.Debug|x86.ActiveCfg = Debug|Any CPU
		{0F3AEF78-EF7B-4D6F-B5E6-00EFEB131EE6}.Debug|x86.Build.0 = Debug|Any CPU
		{0F3AEF78-EF7B-4D6F-B5E6-00EFEB131EE6}.Release|Any CPU.ActiveCfg = Release|Any CPU
		{0F3AEF78-EF7B-4D6F-B5E6-00EFEB131EE6}.Release|Any CPU.Build.0 = Release|Any CPU
		{0F3AEF78-EF7B-4D6F-B5E6-00EFEB131EE6}.Release|x64.ActiveCfg = Release|Any CPU
		{0F3AEF78-EF7B-4D6F-B5E6-00EFEB131EE6}.Release|x64.Build.0 = Release|Any CPU
		{0F3AEF78-EF7B-4D6F-B5E6-00EFEB131EE6}.Release|x86.ActiveCfg = Release|Any CPU
		{0F3AEF78-EF7B-4D6F-B5E6-00EFEB131EE6}.Release|x86.Build.0 = Release|Any CPU
		{08E3F667-548E-4251-AB85-1BD76D0EF6DB}.Debug|Any CPU.ActiveCfg = Debug|Any CPU
		{08E3F667-548E-4251-AB85-1BD76D0EF6DB}.Debug|Any CPU.Build.0 = Debug|Any CPU
		{08E3F667-548E-4251-AB85-1BD76D0EF6DB}.Debug|x64.ActiveCfg = Debug|Any CPU
		{08E3F667-548E-4251-AB85-1BD76D0EF6DB}.Debug|x64.Build.0 = Debug|Any CPU
		{08E3F667-548E-4251-AB85-1BD76D0EF6DB}.Debug|x86.ActiveCfg = Debug|Any CPU
		{08E3F667-548E-4251-AB85-1BD76D0EF6DB}.Debug|x86.Build.0 = Debug|Any CPU
		{08E3F667-548E-4251-AB85-1BD76D0EF6DB}.Release|Any CPU.ActiveCfg = Release|Any CPU
		{08E3F667-548E-4251-AB85-1BD76D0EF6DB}.Release|Any CPU.Build.0 = Release|Any CPU
		{08E3F667-548E-4251-AB85-1BD76D0EF6DB}.Release|x64.ActiveCfg = Release|Any CPU
		{08E3F667-548E-4251-AB85-1BD76D0EF6DB}.Release|x64.Build.0 = Release|Any CPU
		{08E3F667-548E-4251-AB85-1BD76D0EF6DB}.Release|x86.ActiveCfg = Release|Any CPU
		{08E3F667-548E-4251-AB85-1BD76D0EF6DB}.Release|x86.Build.0 = Release|Any CPU
		{3E1BF005-D331-4319-A687-08F025ED6668}.Debug|Any CPU.ActiveCfg = Debug|Any CPU
		{3E1BF005-D331-4319-A687-08F025ED6668}.Debug|Any CPU.Build.0 = Debug|Any CPU
		{3E1BF005-D331-4319-A687-08F025ED6668}.Debug|x64.ActiveCfg = Debug|Any CPU
		{3E1BF005-D331-4319-A687-08F025ED6668}.Debug|x64.Build.0 = Debug|Any CPU
		{3E1BF005-D331-4319-A687-08F025ED6668}.Debug|x86.ActiveCfg = Debug|Any CPU
		{3E1BF005-D331-4319-A687-08F025ED6668}.Debug|x86.Build.0 = Debug|Any CPU
		{3E1BF005-D331-4319-A687-08F025ED6668}.Release|Any CPU.ActiveCfg = Release|Any CPU
		{3E1BF005-D331-4319-A687-08F025ED6668}.Release|Any CPU.Build.0 = Release|Any CPU
		{3E1BF005-D331-4319-A687-08F025ED6668}.Release|x64.ActiveCfg = Release|Any CPU
		{3E1BF005-D331-4319-A687-08F025ED6668}.Release|x64.Build.0 = Release|Any CPU
		{3E1BF005-D331-4319-A687-08F025ED6668}.Release|x86.ActiveCfg = Release|Any CPU
		{3E1BF005-D331-4319-A687-08F025ED6668}.Release|x86.Build.0 = Release|Any CPU
		{469C5E7F-B7E2-4991-A79F-26779D2261BA}.Debug|Any CPU.ActiveCfg = Debug|Any CPU
		{469C5E7F-B7E2-4991-A79F-26779D2261BA}.Debug|Any CPU.Build.0 = Debug|Any CPU
		{469C5E7F-B7E2-4991-A79F-26779D2261BA}.Debug|x64.ActiveCfg = Debug|Any CPU
		{469C5E7F-B7E2-4991-A79F-26779D2261BA}.Debug|x64.Build.0 = Debug|Any CPU
		{469C5E7F-B7E2-4991-A79F-26779D2261BA}.Debug|x86.ActiveCfg = Debug|Any CPU
		{469C5E7F-B7E2-4991-A79F-26779D2261BA}.Debug|x86.Build.0 = Debug|Any CPU
		{469C5E7F-B7E2-4991-A79F-26779D2261BA}.Release|Any CPU.ActiveCfg = Release|Any CPU
		{469C5E7F-B7E2-4991-A79F-26779D2261BA}.Release|Any CPU.Build.0 = Release|Any CPU
		{469C5E7F-B7E2-4991-A79F-26779D2261BA}.Release|x64.ActiveCfg = Release|Any CPU
		{469C5E7F-B7E2-4991-A79F-26779D2261BA}.Release|x64.Build.0 = Release|Any CPU
		{469C5E7F-B7E2-4991-A79F-26779D2261BA}.Release|x86.ActiveCfg = Release|Any CPU
		{469C5E7F-B7E2-4991-A79F-26779D2261BA}.Release|x86.Build.0 = Release|Any CPU
	EndGlobalSection
	GlobalSection(SolutionProperties) = preSolution
		HideSolutionNode = FALSE
	EndGlobalSection
	GlobalSection(NestedProjects) = preSolution
		{244B5CEE-8147-1C2D-503F-44949462E9A7} = {827E0CD3-B72D-47B6-A68D-7590B98EB39B}
		{150F4BE1-0CF7-4F8A-927F-326B3F6D9A08} = {244B5CEE-8147-1C2D-503F-44949462E9A7}
		{03575060-C930-45EB-9E68-8BA84E1DE09A} = {244B5CEE-8147-1C2D-503F-44949462E9A7}
		{9FBACBA5-A389-4DBE-836C-244617C97F11} = {827E0CD3-B72D-47B6-A68D-7590B98EB39B}
		{7940126B-4245-4C5D-A43A-4E126DF673BB} = {827E0CD3-B72D-47B6-A68D-7590B98EB39B}
		{0F3AEF78-EF7B-4D6F-B5E6-00EFEB131EE6} = {827E0CD3-B72D-47B6-A68D-7590B98EB39B}
		{08E3F667-548E-4251-AB85-1BD76D0EF6DB} = {827E0CD3-B72D-47B6-A68D-7590B98EB39B}
		{3E1BF005-D331-4319-A687-08F025ED6668} = {827E0CD3-B72D-47B6-A68D-7590B98EB39B}
		{469C5E7F-B7E2-4991-A79F-26779D2261BA} = {0AB3BF05-4346-4AA6-1389-037BE0695223}
	EndGlobalSection
EndGlobal
